PODS:
  - AEXML (4.3.0)
  - Alamofire (4.7.2)
  - AlamofireXMLRPC (2.2.0):
    - AEXML
    - Alamofire
  - GzipSwift (4.0.4)

DEPENDENCIES:
  - AlamofireXMLRPC (from `https://github.com/kodlian/AlamofireXMLRPC.git`)
  - GzipSwift

SPEC REPOS:
  https://github.com/CocoaPods/Specs.git:
    - AEXML
    - Alamofire
    - GzipSwift

EXTERNAL SOURCES:
  AlamofireXMLRPC:
    :git: https://github.com/kodlian/AlamofireXMLRPC.git

CHECKOUT OPTIONS:
  AlamofireXMLRPC:
    :commit: 513f56d9cfe45a8a9bb0462b5b38956fd7df1894
    :git: https://github.com/kodlian/AlamofireXMLRPC.git

SPEC CHECKSUMS:
  AEXML: bae92c01e0da64132fd72f748721cda07466032b
  Alamofire: e4fa87002c137ba2d8d634d2c51fabcda0d5c223
  AlamofireXMLRPC: 2c3ce65366298bf453273a3a670d6c154bf12689
  GzipSwift: 1a5bc5f7827e09846b0635b5079f1224bc3b1c3a

PODFILE CHECKSUM: 17456c246b3dea0f40dafd19fe6421a07b960927

COCOAPODS: 1.5.0
